
Microsoft Visual Studio Solution File, Format Version 12.00
# Visual Studio Version 17
VisualStudioVersion = 17.8.34511.84
MinimumVisualStudioVersion = 10.0.40219.1
Project("{FAE04EC0-301F-11D3-BF4B-00C04F79EFBC}") = "Stu-Hub.Web", "Stu-Hub.Web\Stu-Hub.Web.csproj", "{B694643C-2E70-46E6-B6F9-646AFEFBA674}"
EndProject
Global
	GlobalSection(SolutionConfigurationPlatforms) = preSolution
		Debug|Any CPU = Debug|Any CPU
		Release|Any CPU = Release|Any CPU
	EndGlobalSection
	GlobalSection(ProjectConfigurationPlatforms) = postSolution
		{B694643C-2E70-46E6-B6F9-646AFEFBA674}.Debug|Any CPU.ActiveCfg = Debug|Any CPU
		{B694643C-2E70-46E6-B6F9-646AFEFBA674}.Debug|Any CPU.Build.0 = Debug|Any CPU
		{B694643C-2E70-46E6-B6F9-646AFEFBA674}.Release|Any CPU.ActiveCfg = Release|Any CPU
		{B694643C-2E70-46E6-B6F9-646AFEFBA674}.Release|Any CPU.Build.0 = Release|Any CPU
	EndGlobalSection
	GlobalSection(SolutionProperties) = preSolution
		HideSolutionNode = FALSE
	EndGlobalSection
	GlobalSection(ExtensibilityGlobals) = postSolution
		SolutionGuid = {1FCE2C26-1BEE-46AD-9F98-B5FD8624CD6D}
	EndGlobalSection
EndGlobal
